{
  "name": "masiv-2025",
  "lockfileVersion": 3,
  "packages": {
    "": {
      "dependencies": {
        "vite": "^5.4.0"
      }
    },
    "node_modules/vite": {
      "version": "5.4.19",
      "resolved": "https://registry.npmjs.org/vite/-/vite-5.4.19.tgz",
      "integrity": "sha512-…"
    },
    "node_modules/esbuild": {
      "version": "0.21.5",
      "resolved": "https://registry.npmjs.org/esbuild/-/esbuild-0.21.5.tgz",
      "integrity": "sha512-…"
    }
  }
}
